
Microsoft Visual Studio Solution File, Format Version 12.00
# Visual Studio Version 17
VisualStudioVersion = 17.3.32804.467
MinimumVisualStudioVersion = 10.0.40219.1
Project("{FAE04EC0-301F-11D3-BF4B-00C04F79EFBC}") = "JWT.Login.Net6", "JWT.Login.Net6\JWT.Login.Net6.csproj", "{DF578ED3-167F-4791-BF28-CA75862E50A2}"
EndProject
Global
	GlobalSection(SolutionConfigurationPlatforms) = preSolution
		Debug|Any CPU = Debug|Any CPU
		Release|Any CPU = Release|Any CPU
	EndGlobalSection
	GlobalSection(ProjectConfigurationPlatforms) = postSolution
		{DF578ED3-167F-4791-BF28-CA75862E50A2}.Debug|Any CPU.ActiveCfg = Debug|Any CPU
		{DF578ED3-167F-4791-BF28-CA75862E50A2}.Debug|Any CPU.Build.0 = Debug|Any CPU
		{DF578ED3-167F-4791-BF28-CA75862E50A2}.Release|Any CPU.ActiveCfg = Release|Any CPU
		{DF578ED3-167F-4791-BF28-CA75862E50A2}.Release|Any CPU.Build.0 = Release|Any CPU
	EndGlobalSection
	GlobalSection(SolutionProperties) = preSolution
		HideSolutionNode = FALSE
	EndGlobalSection
	GlobalSection(ExtensibilityGlobals) = postSolution
		SolutionGuid = {A70EC535-911A-4A14-9C05-A4EF30E818A9}
	EndGlobalSection
EndGlobal
